// !$*UTF8*$!
{
	archiveVersion = 1;
	classes = {
	};
	objectVersion = 50;
	objects = {

/* Begin PBXBuildFile section */
		89F83520210C088C0083595E /* AppDelegate.swift in Sources */ = {isa = PBXBuildFile; fileRef = 89F8351F210C088C0083595E /* AppDelegate.swift */; };
		89F83522210C088C0083595E /* ViewController.swift in Sources */ = {isa = PBXBuildFile; fileRef = 89F83521210C088C0083595E /* ViewController.swift */; };
		89F83525210C088C0083595E /* Main.storyboard in Resources */ = {isa = PBXBuildFile; fileRef = 89F83523210C088C0083595E /* Main.storyboard */; };
		89F83527210C088E0083595E /* Assets.xcassets in Resources */ = {isa = PBXBuildFile; fileRef = 89F83526210C088E0083595E /* Assets.xcassets */; };
		89F8352A210C088E0083595E /* LaunchScreen.storyboard in Resources */ = {isa = PBXBuildFile; fileRef = 89F83528210C088E0083595E /* LaunchScreen.storyboard */; };
		89F83535210C088E0083595E /* tweetdeckTests.swift in Sources */ = {isa = PBXBuildFile; fileRef = 89F83534210C088E0083595E /* tweetdeckTests.swift */; };
		89F83540210C088E0083595E /* tweetdeckUITests.swift in Sources */ = {isa = PBXBuildFile; fileRef = 89F8353F210C088E0083595E /* tweetdeckUITests.swift */; };
/* End PBXBuildFile section */

/* Begin PBXContainerItemProxy section */
		89F83531210C088E0083595E /* PBXContainerItemProxy */ = {
			isa = PBXContainerItemProxy;
			containerPortal = 89F83514210C088C0083595E /* Project object */;
			proxyType = 1;
			remoteGlobalIDString = 89F8351B210C088C0083595E;
			remoteInfo = tweetdeck;
		};
		89F8353C210C088E0083595E /* PBXContainerItemProxy */ = {
			isa = PBXContainerItemProxy;
			containerPortal = 89F83514210C088C0083595E /* Project object */;
			proxyType = 1;
			remoteGlobalIDString = 89F8351B210C088C0083595E;
			remoteInfo = tweetdeck;
		};
/* End PBXContainerItemProxy section */

/* Begin PBXFileReference section */
		89F8351C210C088C0083595E /* tweetdeck.app */ = {isa = PBXFileReference; explicitFileType = wrapper.application; includeInIndex = 0; path = tweetdeck.app; sourceTree = BUILT_PRODUCTS_DIR; };
		89F8351F210C088C0083595E /* AppDelegate.swift */ = {isa = PBXFileReference; lastKnownFileType = sourcecode.swift; path = AppDelegate.swift; sourceTree = "<group>"; };
		89F83521210C088C0083595E /* ViewController.swift */ = {isa = PBXFileReference; lastKnownFileType = sourcecode.swift; path = ViewController.swift; sourceTree = "<group>"; };
		89F83524210C088C0083595E /* Base */ = {isa = PBXFileReference; lastKnownFileType = file.storyboard; name = Base; path = Base.lproj/Main.storyboard; sourceTree = "<group>"; };
		89F83526210C088E0083595E /* Assets.xcassets */ = {isa = PBXFileReference; lastKnownFileType = folder.assetcatalog; path = Assets.xcassets; sourceTree = "<group>"; };
		89F83529210C088E0083595E /* Base */ = {isa = PBXFileReference; lastKnownFileType = file.storyboard; name = Base; path = Base.lproj/LaunchScreen.storyboard; sourceTree = "<group>"; };
		89F8352B210C088E0083595E /* Info.plist */ = {isa = PBXFileReference; lastKnownFileType = text.plist.xml; path = Info.plist; sourceTree = "<group>"; };
		89F83530210C088E0083595E /* tweetdeckTests.xctest */ = {isa = PBXFileReference; explicitFileType = wrapper.cfbundle; includeInIndex = 0; path = tweetdeckTests.xctest; sourceTree = BUILT_PRODUCTS_DIR; };
		89F83534210C088E0083595E /* tweetdeckTests.swift */ = {isa = PBXFileReference; lastKnownFileType = sourcecode.swift; path = tweetdeckTests.swift; sourceTree = "<group>"; };
		89F83536210C088E0083595E /* Info.plist */ = {isa = PBXFileReference; lastKnownFileType = text.plist.xml; path = Info.plist; sourceTree = "<group>"; };
		89F8353B210C088E0083595E /* tweetdeckUITests.xctest */ = {isa = PBXFileReference; explicitFileType = wrapper.cfbundle; includeInIndex = 0; path = tweetdeckUITests.xctest; sourceTree = BUILT_PRODUCTS_DIR; };
		89F8353F210C088E0083595E /* tweetdeckUITests.swift */ = {isa = PBXFileReference; lastKnownFileType = sourcecode.swift; path = tweetdeckUITests.swift; sourceTree = "<group>"; };
		89F83541210C088E0083595E /* Info.plist */ = {isa = PBXFileReference; lastKnownFileType = text.plist.xml; path = Info.plist; sourceTree = "<group>"; };
/* End PBXFileReference section */

/* Begin PBXFrameworksBuildPhase section */
		89F83519210C088C0083595E /* Frameworks */ = {
			isa = PBXFrameworksBuildPhase;
			buildActionMask = 2147483647;
			files = (
			);
			runOnlyForDeploymentPostprocessing = 0;
		};
		89F8352D210C088E0083595E /* Frameworks */ = {
			isa = PBXFrameworksBuildPhase;
			buildActionMask = 2147483647;
			files = (
			);
			runOnlyForDeploymentPostprocessing = 0;
		};
		89F83538210C088E0083595E /* Frameworks */ = {
			isa = PBXFrameworksBuildPhase;
			buildActionMask = 2147483647;
			files = (
			);
			runOnlyForDeploymentPostprocessing = 0;
		};
/* End PBXFrameworksBuildPhase section */

/* Begin PBXGroup section */
		89F83513210C088C0083595E = {
			isa = PBXGroup;
			children = (
				89F8351E210C088C0083595E /* tweetdeck */,
				89F83533210C088E0083595E /* tweetdeckTests */,
				89F8353E210C088E0083595E /* tweetdeckUITests */,
				89F8351D210C088C0083595E /* Products */,
			);
			sourceTree = "<group>";
		};
		89F8351D210C088C0083595E /* Products */ = {
			isa = PBXGroup;
			children = (
				89F8351C210C088C0083595E /* tweetdeck.app */,
				89F83530210C088E0083595E /* tweetdeckTests.xctest */,
				89F8353B210C088E0083595E /* tweetdeckUITests.xctest */,
			);
			name = Products;
			sourceTree = "<group>";
		};
		89F8351E210C088C0083595E /* tweetdeck */ = {
			isa = PBXGroup;
			children = (
				89F8351F210C088C0083595E /* AppDelegate.swift */,
				89F83521210C088C0083595E /* ViewController.swift */,
				89F83523210C088C0083595E /* Main.storyboard */,
				89F83526210C088E0083595E /* Assets.xcassets */,
				89F83528210C088E0083595E /* LaunchScreen.storyboard */,
				89F8352B210C088E0083595E /* Info.plist */,
			);
			path = tweetdeck;
			sourceTree = "<group>";
		};
		89F83533210C088E0083595E /* tweetdeckTests */ = {
			isa = PBXGroup;
			children = (
				89F83534210C088E0083595E /* tweetdeckTests.swift */,
				89F83536210C088E0083595E /* Info.plist */,
			);
			path = tweetdeckTests;
			sourceTree = "<group>";
		};
		89F8353E210C088E0083595E /* tweetdeckUITests */ = {
			isa = PBXGroup;
			children = (
				89F8353F210C088E0083595E /* tweetdeckUITests.swift */,
				89F83541210C088E0083595E /* Info.plist */,
			);
			path = tweetdeckUITests;
			sourceTree = "<group>";
		};
/* End PBXGroup section */

/* Begin PBXNativeTarget section */
		89F8351B210C088C0083595E /* tweetdeck */ = {
			isa = PBXNativeTarget;
			buildConfigurationList = 89F83544210C088E0083595E /* Build configuration list for PBXNativeTarget "tweetdeck" */;
			buildPhases = (
				89F83518210C088C0083595E /* Sources */,
				89F83519210C088C0083595E /* Frameworks */,
				89F8351A210C088C0083595E /* Resources */,
			);
			buildRules = (
			);
			dependencies = (
			);
			name = tweetdeck;
			productName = tweetdeck;
			productReference = 89F8351C210C088C0083595E /* tweetdeck.app */;
			productType = "com.apple.product-type.application";
		};
		89F8352F210C088E0083595E /* tweetdeckTests */ = {
			isa = PBXNativeTarget;
			buildConfigurationList = 89F83547210C088E0083595E /* Build configuration list for PBXNativeTarget "tweetdeckTests" */;
			buildPhases = (
				89F8352C210C088E0083595E /* Sources */,
				89F8352D210C088E0083595E /* Frameworks */,
				89F8352E210C088E0083595E /* Resources */,
			);
			buildRules = (
			);
			dependencies = (
				89F83532210C088E0083595E /* PBXTargetDependency */,
			);
			name = tweetdeckTests;
			productName = tweetdeckTests;
			productReference = 89F83530210C088E0083595E /* tweetdeckTests.xctest */;
			productType = "com.apple.product-type.bundle.unit-test";
		};
		89F8353A210C088E0083595E /* tweetdeckUITests */ = {
			isa = PBXNativeTarget;
			buildConfigurationList = 89F8354A210C088E0083595E /* Build configuration list for PBXNativeTarget "tweetdeckUITests" */;
			buildPhases = (
				89F83537210C088E0083595E /* Sources */,
				89F83538210C088E0083595E /* Frameworks */,
				89F83539210C088E0083595E /* Resources */,
			);
			buildRules = (
			);
			dependencies = (
				89F8353D210C088E0083595E /* PBXTargetDependency */,
			);
			name = tweetdeckUITests;
			productName = tweetdeckUITests;
			productReference = 89F8353B210C088E0083595E /* tweetdeckUITests.xctest */;
			productType = "com.apple.product-type.bundle.ui-testing";
		};
/* End PBXNativeTarget section */

/* Begin PBXProject section */
		89F83514210C088C0083595E /* Project object */ = {
			isa = PBXProject;
			attributes = {
				LastSwiftUpdateCheck = 1000;
				LastUpgradeCheck = 1000;
				ORGANIZATIONNAME = iori;
				TargetAttributes = {
					89F8351B210C088C0083595E = {
						CreatedOnToolsVersion = 10.0;
					};
					89F8352F210C088E0083595E = {
						CreatedOnToolsVersion = 10.0;
						TestTargetID = 89F8351B210C088C0083595E;
					};
					89F8353A210C088E0083595E = {
						CreatedOnToolsVersion = 10.0;
						TestTargetID = 89F8351B210C088C0083595E;
					};
				};
			};
			buildConfigurationList = 89F83517210C088C0083595E /* Build configuration list for PBXProject "tweetdeck" */;
			compatibilityVersion = "Xcode 9.3";
			developmentRegion = en;
			hasScannedForEncodings = 0;
			knownRegions = (
				en,
				Base,
			);
			mainGroup = 89F83513210C088C0083595E;
			productRefGroup = 89F8351D210C088C0083595E /* Products */;
			projectDirPath = "";
			projectRoot = "";
			targets = (
				89F8351B210C088C0083595E /* tweetdeck */,
				89F8352F210C088E0083595E /* tweetdeckTests */,
				89F8353A210C088E0083595E /* tweetdeckUITests */,
			);
		};
/* End PBXProject section */

/* Begin PBXResourcesBuildPhase section */
		89F8351A210C088C0083595E /* Resources */ = {
			isa = PBXResourcesBuildPhase;
			buildActionMask = 2147483647;
			files = (
				89F8352A210C088E0083595E /* LaunchScreen.storyboard in Resources */,
				89F83527210C088E0083595E /* Assets.xcassets in Resources */,
				89F83525210C088C0083595E /* Main.storyboard in Resources */,
			);
			runOnlyForDeploymentPostprocessing = 0;
		};
		89F8352E210C088E0083595E /* Resources */ = {
			isa = PBXResourcesBuildPhase;
			buildActionMask = 2147483647;
			files = (
			);
			runOnlyForDeploymentPostprocessing = 0;
		};
		89F83539210C088E0083595E /* Resources */ = {
			isa = PBXResourcesBuildPhase;
			buildActionMask = 2147483647;
			files = (
			);
			runOnlyForDeploymentPostprocessing = 0;
		};
/* End PBXResourcesBuildPhase section */

/* Begin PBXSourcesBuildPhase section */
		89F83518210C088C0083595E /* Sources */ = {
			isa = PBXSourcesBuildPhase;
			buildActionMask = 2147483647;
			files = (
				89F83522210C088C0083595E /* ViewController.swift in Sources */,
				89F83520210C088C0083595E /* AppDelegate.swift in Sources */,
			);
			runOnlyForDeploymentPostprocessing = 0;
		};
		89F8352C210C088E0083595E /* Sources */ = {
			isa = PBXSourcesBuildPhase;
			buildActionMask = 2147483647;
			files = (
				89F83535210C088E0083595E /* tweetdeckTests.swift in Sources */,
			);
			runOnlyForDeploymentPostprocessing = 0;
		};
		89F83537210C088E0083595E /* Sources */ = {
			isa = PBXSourcesBuildPhase;
			buildActionMask = 2147483647;
			files = (
				89F83540210C088E0083595E /* tweetdeckUITests.swift in Sources */,
			);
			runOnlyForDeploymentPostprocessing = 0;
		};
/* End PBXSourcesBuildPhase section */

/* Begin PBXTargetDependency section */
		89F83532210C088E0083595E /* PBXTargetDependency */ = {
			isa = PBXTargetDependency;
			target = 89F8351B210C088C0083595E /* tweetdeck */;
			targetProxy = 89F83531210C088E0083595E /* PBXContainerItemProxy */;
		};
		89F8353D210C088E0083595E /* PBXTargetDependency */ = {
			isa = PBXTargetDependency;
			target = 89F8351B210C088C0083595E /* tweetdeck */;
			targetProxy = 89F8353C210C088E0083595E /* PBXContainerItemProxy */;
		};
/* End PBXTargetDependency section */

/* Begin PBXVariantGroup section */
		89F83523210C088C0083595E /* Main.storyboard */ = {
			isa = PBXVariantGroup;
			children = (
				89F83524210C088C0083595E /* Base */,
			);
			name = Main.storyboard;
			sourceTree = "<group>";
		};
		89F83528210C088E0083595E /* LaunchScreen.storyboard */ = {
			isa = PBXVariantGroup;
			children = (
				89F83529210C088E0083595E /* Base */,
			);
			name = LaunchScreen.storyboard;
			sourceTree = "<group>";
		};
/* End PBXVariantGroup section */

/* Begin XCBuildConfiguration section */
		89F83542210C088E0083595E /* Debug */ = {
			isa = XCBuildConfiguration;
			buildSettings = {
				ALWAYS_SEARCH_USER_PATHS = NO;
				CLANG_ANALYZER_NONNULL = YES;
				CLANG_ANALYZER_NUMBER_OBJECT_CONVERSION = YES_AGGRESSIVE;
				CLANG_CXX_LANGUAGE_STANDARD = "gnu++14";
				CLANG_CXX_LIBRARY = "libc++";
				CLANG_ENABLE_MODULES = YES;
				CLANG_ENABLE_OBJC_ARC = YES;
				CLANG_ENABLE_OBJC_WEAK = YES;
				CLANG_WARN_BLOCK_CAPTURE_AUTORELEASING = YES;
				CLANG_WARN_BOOL_CONVERSION = YES;
				CLANG_WARN_COMMA = YES;
				CLANG_WARN_CONSTANT_CONVERSION = YES;
				CLANG_WARN_DEPRECATED_OBJC_IMPLEMENTATIONS = YES;
				CLANG_WARN_DIRECT_OBJC_ISA_USAGE = YES_ERROR;
				CLANG_WARN_DOCUMENTATION_COMMENTS = YES;
				CLANG_WARN_EMPTY_BODY = YES;
				CLANG_WARN_ENUM_CONVERSION = YES;
				CLANG_WARN_INFINITE_RECURSION = YES;
				CLANG_WARN_INT_CONVERSION = YES;
				CLANG_WARN_NON_LITERAL_NULL_CONVERSION = YES;
				CLANG_WARN_OBJC_IMPLICIT_RETAIN_SELF = YES;
				CLANG_WARN_OBJC_LITERAL_CONVERSION = YES;
				CLANG_WARN_OBJC_ROOT_CLASS = YES_ERROR;
				CLANG_WARN_RANGE_LOOP_ANALYSIS = YES;
				CLANG_WARN_STRICT_PROTOTYPES = YES;
				CLANG_WARN_SUSPICIOUS_MOVE = YES;
				CLANG_WARN_UNGUARDED_AVAILABILITY = YES_AGGRESSIVE;
				CLANG_WARN_UNREACHABLE_CODE = YES;
				CLANG_WARN__DUPLICATE_METHOD_MATCH = YES;
				CODE_SIGN_IDENTITY = "iPhone Developer";
				COPY_PHASE_STRIP = NO;
				DEBUG_INFORMATION_FORMAT = dwarf;
				ENABLE_STRICT_OBJC_MSGSEND = YES;
				ENABLE_TESTABILITY = YES;
				GCC_C_LANGUAGE_STANDARD = gnu11;
				GCC_DYNAMIC_NO_PIC = NO;
				GCC_NO_COMMON_BLOCKS = YES;
				GCC_OPTIMIZATION_LEVEL = 0;
				GCC_PREPROCESSOR_DEFINITIONS = (
					"DEBUG=1",
					"$(inherited)",
				);
				GCC_WARN_64_TO_32_BIT_CONVERSION = YES;
				GCC_WARN_ABOUT_RETURN_TYPE = YES_ERROR;
				GCC_WARN_UNDECLARED_SELECTOR = YES;
				GCC_WARN_UNINITIALIZED_AUTOS = YES_AGGRESSIVE;
				GCC_WARN_UNUSED_FUNCTION = YES;
				GCC_WARN_UNUSED_VARIABLE = YES;
				IPHONEOS_DEPLOYMENT_TARGET = 11.3;
				MTL_ENABLE_DEBUG_INFO = INCLUDE_SOURCE;
				MTL_FAST_MATH = YES;
				ONLY_ACTIVE_ARCH = YES;
				SDKROOT = iphoneos;
				SWIFT_ACTIVE_COMPILATION_CONDITIONS = DEBUG;
				SWIFT_OPTIMIZATION_LEVEL = "-Onone";
			};
			name = Debug;
		};
		89F83543210C088E0083595E /* Release */ = {
			isa = XCBuildConfiguration;
			buildSettings = {
				ALWAYS_SEARCH_USER_PATHS = NO;
				CLANG_ANALYZER_NONNULL = YES;
				CLANG_ANALYZER_NUMBER_OBJECT_CONVERSION = YES_AGGRESSIVE;
				CLANG_CXX_LANGUAGE_STANDARD = "gnu++14";
				CLANG_CXX_LIBRARY = "libc++";
				CLANG_ENABLE_MODULES = YES;
				CLANG_ENABLE_OBJC_ARC = YES;
				CLANG_ENABLE_OBJC_WEAK = YES;
				CLANG_WARN_BLOCK_CAPTURE_AUTORELEASING = YES;
				CLANG_WARN_BOOL_CONVERSION = YES;
				CLANG_WARN_COMMA = YES;
				CLANG_WARN_CONSTANT_CONVERSION = YES;
				CLANG_WARN_DEPRECATED_OBJC_IMPLEMENTATIONS = YES;
				CLANG_WARN_DIRECT_OBJC_ISA_USAGE = YES_ERROR;
				CLANG_WARN_DOCUMENTATION_COMMENTS = YES;
				CLANG_WARN_EMPTY_BODY = YES;
				CLANG_WARN_ENUM_CONVERSION = YES;
				CLANG_WARN_INFINITE_RECURSION = YES;
				CLANG_WARN_INT_CONVERSION = YES;
				CLANG_WARN_NON_LITERAL_NULL_CONVERSION = YES;
				CLANG_WARN_OBJC_IMPLICIT_RETAIN_SELF = YES;
				CLANG_WARN_OBJC_LITERAL_CONVERSION = YES;
				CLANG_WARN_OBJC_ROOT_CLASS = YES_ERROR;
				CLANG_WARN_RANGE_LOOP_ANALYSIS = YES;
				CLANG_WARN_STRICT_PROTOTYPES = YES;
				CLANG_WARN_SUSPICIOUS_MOVE = YES;
				CLANG_WARN_UNGUARDED_AVAILABILITY = YES_AGGRESSIVE;
				CLANG_WARN_UNREACHABLE_CODE = YES;
				CLANG_WARN__DUPLICATE_METHOD_MATCH = YES;
				CODE_SIGN_IDENTITY = "iPhone Developer";
				COPY_PHASE_STRIP = NO;
				DEBUG_INFORMATION_FORMAT = "dwarf-with-dsym";
				ENABLE_NS_ASSERTIONS = NO;
				ENABLE_STRICT_OBJC_MSGSEND = YES;
				GCC_C_LANGUAGE_STANDARD = gnu11;
				GCC_NO_COMMON_BLOCKS = YES;
				GCC_WARN_64_TO_32_BIT_CONVERSION = YES;
				GCC_WARN_ABOUT_RETURN_TYPE = YES_ERROR;
				GCC_WARN_UNDECLARED_SELECTOR = YES;
				GCC_WARN_UNINITIALIZED_AUTOS = YES_AGGRESSIVE;
				GCC_WARN_UNUSED_FUNCTION = YES;
				GCC_WARN_UNUSED_VARIABLE = YES;
				IPHONEOS_DEPLOYMENT_TARGET = 11.3;
				MTL_ENABLE_DEBUG_INFO = NO;
				MTL_FAST_MATH = YES;
				SDKROOT = iphoneos;
				SWIFT_COMPILATION_MODE = wholemodule;
				SWIFT_OPTIMIZATION_LEVEL = "-O";
				VALIDATE_PRODUCT = YES;
			};
			name = Release;
		};
		89F83545210C088E0083595E /* Debug */ = {
			isa = XCBuildConfiguration;
			buildSettings = {
				ASSETCATALOG_COMPILER_APPICON_NAME = AppIcon;
				CODE_SIGN_STYLE = Automatic;
				DEVELOPMENT_TEAM = S79C5BQNYQ;
				INFOPLIST_FILE = tweetdeck/Info.plist;
				IPHONEOS_DEPLOYMENT_TARGET = 11.3;
				LD_RUNPATH_SEARCH_PATHS = (
					"$(inherited)",
					"@executable_path/Frameworks",
				);
				PRODUCT_BUNDLE_IDENTIFIER = jp.iori.app.tweetdeck;
				PRODUCT_NAME = "$(TARGET_NAME)";
				SWIFT_VERSION = 4.2;
				TARGETED_DEVICE_FAMILY = "1,2";
			};
			name = Debug;
		};
		89F83546210C088E0083595E /* Release */ = {
			isa = XCBuildConfiguration;
			buildSettings = {
				ASSETCATALOG_COMPILER_APPICON_NAME = AppIcon;
				CODE_SIGN_STYLE = Automatic;
				DEVELOPMENT_TEAM = S79C5BQNYQ;
				INFOPLIST_FILE = tweetdeck/Info.plist;
				IPHONEOS_DEPLOYMENT_TARGET = 11.3;
				LD_RUNPATH_SEARCH_PATHS = (
					"$(inherited)",
					"@executable_path/Frameworks",
				);
				PRODUCT_BUNDLE_IDENTIFIER = jp.iori.app.tweetdeck;
				PRODUCT_NAME = "$(TARGET_NAME)";
				SWIFT_VERSION = 4.2;
				TARGETED_DEVICE_FAMILY = "1,2";
			};
			name = Release;
		};
		89F83548210C088E0083595E /* Debug */ = {
			isa = XCBuildConfiguration;
			buildSettings = {
				ALWAYS_EMBED_SWIFT_STANDARD_LIBRARIES = YES;
				BUNDLE_LOADER = "$(TEST_HOST)";
				CODE_SIGN_STYLE = Automatic;
				DEVELOPMENT_TEAM = S79C5BQNYQ;
				INFOPLIST_FILE = tweetdeckTests/Info.plist;
				LD_RUNPATH_SEARCH_PATHS = (
					"$(inherited)",
					"@executable_path/Frameworks",
					"@loader_path/Frameworks",
				);
				PRODUCT_BUNDLE_IDENTIFIER = jp.iori.app.tweetdeckTests;
				PRODUCT_NAME = "$(TARGET_NAME)";
				SWIFT_VERSION = 4.2;
				TARGETED_DEVICE_FAMILY = "1,2";
				TEST_HOST = "$(BUILT_PRODUCTS_DIR)/tweetdeck.app/tweetdeck";
			};
			name = Debug;
		};
		89F83549210C088E0083595E /* Release */ = {
			isa = XCBuildConfiguration;
			buildSettings = {
				ALWAYS_EMBED_SWIFT_STANDARD_LIBRARIES = YES;
				BUNDLE_LOADER = "$(TEST_HOST)";
				CODE_SIGN_STYLE = Automatic;
				DEVELOPMENT_TEAM = S79C5BQNYQ;
				INFOPLIST_FILE = tweetdeckTests/Info.plist;
				LD_RUNPATH_SEARCH_PATHS = (
					"$(inherited)",
					"@executable_path/Frameworks",
					"@loader_path/Frameworks",
				);
				PRODUCT_BUNDLE_IDENTIFIER = jp.iori.app.tweetdeckTests;
				PRODUCT_NAME = "$(TARGET_NAME)";
				SWIFT_VERSION = 4.2;
				TARGETED_DEVICE_FAMILY = "1,2";
				TEST_HOST = "$(BUILT_PRODUCTS_DIR)/tweetdeck.app/tweetdeck";
			};
			name = Release;
		};
		89F8354B210C088E0083595E /* Debug */ = {
			isa = XCBuildConfiguration;
			buildSettings = {
				ALWAYS_EMBED_SWIFT_STANDARD_LIBRARIES = YES;
				CODE_SIGN_STYLE = Automatic;
				DEVELOPMENT_TEAM = S79C5BQNYQ;
				INFOPLIST_FILE = tweetdeckUITests/Info.plist;
				LD_RUNPATH_SEARCH_PATHS = (
					"$(inherited)",
					"@executable_path/Frameworks",
					"@loader_path/Frameworks",
				);
				PRODUCT_BUNDLE_IDENTIFIER = jp.iori.app.tweetdeckUITests;
				PRODUCT_NAME = "$(TARGET_NAME)";
				SWIFT_VERSION = 4.2;
				TARGETED_DEVICE_FAMILY = "1,2";
				TEST_TARGET_NAME = tweetdeck;
			};
			name = Debug;
		};
		89F8354C210C088E0083595E /* Release */ = {
			isa = XCBuildConfiguration;
			buildSettings = {
				ALWAYS_EMBED_SWIFT_STANDARD_LIBRARIES = YES;
				CODE_SIGN_STYLE = Automatic;
				DEVELOPMENT_TEAM = S79C5BQNYQ;
				INFOPLIST_FILE = tweetdeckUITests/Info.plist;
				LD_RUNPATH_SEARCH_PATHS = (
					"$(inherited)",
					"@executable_path/Frameworks",
					"@loader_path/Frameworks",
				);
				PRODUCT_BUNDLE_IDENTIFIER = jp.iori.app.tweetdeckUITests;
				PRODUCT_NAME = "$(TARGET_NAME)";
				SWIFT_VERSION = 4.2;
				TARGETED_DEVICE_FAMILY = "1,2";
				TEST_TARGET_NAME = tweetdeck;
			};
			name = Release;
		};
/* End XCBuildConfiguration section */

/* Begin XCConfigurationList section */
		89F83517210C088C0083595E /* Build configuration list for PBXProject "tweetdeck" */ = {
			isa = XCConfigurationList;
			buildConfigurations = (
				89F83542210C088E0083595E /* Debug */,
				89F83543210C088E0083595E /* Release */,
			);
			defaultConfigurationIsVisible = 0;
			defaultConfigurationName = Release;
		};
		89F83544210C088E0083595E /* Build configuration list for PBXNativeTarget "tweetdeck" */ = {
			isa = XCConfigurationList;
			buildConfigurations = (
				89F83545210C088E0083595E /* Debug */,
				89F83546210C088E0083595E /* Release */,
			);
			defaultConfigurationIsVisible = 0;
			defaultConfigurationName = Release;
		};
		89F83547210C088E0083595E /* Build configuration list for PBXNativeTarget "tweetdeckTests" */ = {
			isa = XCConfigurationList;
			buildConfigurations = (
				89F83548210C088E0083595E /* Debug */,
				89F83549210C088E0083595E /* Release */,
			);
			defaultConfigurationIsVisible = 0;
			defaultConfigurationName = Release;
		};
		89F8354A210C088E0083595E /* Build configuration list for PBXNativeTarget "tweetdeckUITests" */ = {
			isa = XCConfigurationList;
			buildConfigurations = (
				89F8354B210C088E0083595E /* Debug */,
				89F8354C210C088E0083595E /* Release */,
			);
			defaultConfigurationIsVisible = 0;
			defaultConfigurationName = Release;
		};
/* End XCConfigurationList section */
	};
	rootObject = 89F83514210C088C0083595E /* Project object */;
}
